
Microsoft Visual Studio Solution File, Format Version 12.00
# Visual Studio Version 17
VisualStudioVersion = 17.6.33723.286
MinimumVisualStudioVersion = 10.0.40219.1
Project("{FAE04EC0-301F-11D3-BF4B-00C04F79EFBC}") = "Bulboaca_Larisa_Lab2", "Bulboaca_Larisa_Lab2.csproj", "{3983FCD4-9852-4ECD-B9E0-E12D10E42942}"
EndProject
Global
	GlobalSection(SolutionConfigurationPlatforms) = preSolution
		Debug|Any CPU = Debug|Any CPU
		Release|Any CPU = Release|Any CPU
	EndGlobalSection
	GlobalSection(ProjectConfigurationPlatforms) = postSolution
		{3983FCD4-9852-4ECD-B9E0-E12D10E42942}.Debug|Any CPU.ActiveCfg = Debug|Any CPU
		{3983FCD4-9852-4ECD-B9E0-E12D10E42942}.Debug|Any CPU.Build.0 = Debug|Any CPU
		{3983FCD4-9852-4ECD-B9E0-E12D10E42942}.Release|Any CPU.ActiveCfg = Release|Any CPU
		{3983FCD4-9852-4ECD-B9E0-E12D10E42942}.Release|Any CPU.Build.0 = Release|Any CPU
	EndGlobalSection
	GlobalSection(SolutionProperties) = preSolution
		HideSolutionNode = FALSE
	EndGlobalSection
	GlobalSection(ExtensibilityGlobals) = postSolution
		SolutionGuid = {4452EF4B-F2EA-42EE-8779-091656BDC41D}
	EndGlobalSection
EndGlobal
